// !$*UTF8*$!
{
	archiveVersion = 1;
	classes = {
	};
	objectVersion = 50;
	objects = {

/* Begin PBXBuildFile section */
		D02DDC0A240B4AD800EAE495 /* SecondViewController.storyboard in Resources */ = {isa = PBXBuildFile; fileRef = D02DDC09240B4AD800EAE495 /* SecondViewController.storyboard */; };
		D02DDC0C240B56B200EAE495 /* SecondViewController.swift in Sources */ = {isa = PBXBuildFile; fileRef = D02DDC0B240B56B200EAE495 /* SecondViewController.swift */; };
		D08D2ADB240B2F5500D3B211 /* AppDelegate.swift in Sources */ = {isa = PBXBuildFile; fileRef = D08D2ADA240B2F5500D3B211 /* AppDelegate.swift */; };
		D08D2ADD240B2F5500D3B211 /* SceneDelegate.swift in Sources */ = {isa = PBXBuildFile; fileRef = D08D2ADC240B2F5500D3B211 /* SceneDelegate.swift */; };
		D08D2ADF240B2F5500D3B211 /* ViewController.swift in Sources */ = {isa = PBXBuildFile; fileRef = D08D2ADE240B2F5500D3B211 /* ViewController.swift */; };
		D08D2AE2240B2F5500D3B211 /* Main.storyboard in Resources */ = {isa = PBXBuildFile; fileRef = D08D2AE0240B2F5500D3B211 /* Main.storyboard */; };
		D08D2AE4240B2F5900D3B211 /* Assets.xcassets in Resources */ = {isa = PBXBuildFile; fileRef = D08D2AE3240B2F5900D3B211 /* Assets.xcassets */; };
		D08D2AE7240B2F5900D3B211 /* LaunchScreen.storyboard in Resources */ = {isa = PBXBuildFile; fileRef = D08D2AE5240B2F5900D3B211 /* LaunchScreen.storyboard */; };
/* End PBXBuildFile section */

/* Begin PBXFileReference section */
		D02DDC09240B4AD800EAE495 /* SecondViewController.storyboard */ = {isa = PBXFileReference; lastKnownFileType = file.storyboard; path = SecondViewController.storyboard; sourceTree = "<group>"; };
		D02DDC0B240B56B200EAE495 /* SecondViewController.swift */ = {isa = PBXFileReference; lastKnownFileType = sourcecode.swift; path = SecondViewController.swift; sourceTree = "<group>"; };
		D08D2AD7240B2F5500D3B211 /* application.app */ = {isa = PBXFileReference; explicitFileType = wrapper.application; includeInIndex = 0; path = application.app; sourceTree = BUILT_PRODUCTS_DIR; };
		D08D2ADA240B2F5500D3B211 /* AppDelegate.swift */ = {isa = PBXFileReference; lastKnownFileType = sourcecode.swift; path = AppDelegate.swift; sourceTree = "<group>"; };
		D08D2ADC240B2F5500D3B211 /* SceneDelegate.swift */ = {isa = PBXFileReference; lastKnownFileType = sourcecode.swift; path = SceneDelegate.swift; sourceTree = "<group>"; };
		D08D2ADE240B2F5500D3B211 /* ViewController.swift */ = {isa = PBXFileReference; lastKnownFileType = sourcecode.swift; path = ViewController.swift; sourceTree = "<group>"; };
		D08D2AE1240B2F5500D3B211 /* Base */ = {isa = PBXFileReference; lastKnownFileType = file.storyboard; name = Base; path = Base.lproj/Main.storyboard; sourceTree = "<group>"; };
		D08D2AE3240B2F5900D3B211 /* Assets.xcassets */ = {isa = PBXFileReference; lastKnownFileType = folder.assetcatalog; path = Assets.xcassets; sourceTree = "<group>"; };
		D08D2AE6240B2F5900D3B211 /* Base */ = {isa = PBXFileReference; lastKnownFileType = file.storyboard; name = Base; path = Base.lproj/LaunchScreen.storyboard; sourceTree = "<group>"; };
		D08D2AE8240B2F5900D3B211 /* Info.plist */ = {isa = PBXFileReference; lastKnownFileType = text.plist.xml; path = Info.plist; sourceTree = "<group>"; };
/* End PBXFileReference section */

/* Begin PBXFrameworksBuildPhase section */
		D08D2AD4240B2F5500D3B211 /* Frameworks */ = {
			isa = PBXFrameworksBuildPhase;
			buildActionMask = 2147483647;
			files = (
			);
			runOnlyForDeploymentPostprocessing = 0;
		};
/* End PBXFrameworksBuildPhase section */

/* Begin PBXGroup section */
		D08D2ACE240B2F5500D3B211 = {
			isa = PBXGroup;
			children = (
				D08D2AD9240B2F5500D3B211 /* application */,
				D08D2AD8240B2F5500D3B211 /* Products */,
			);
			sourceTree = "<group>";
		};
		D08D2AD8240B2F5500D3B211 /* Products */ = {
			isa = PBXGroup;
			children = (
				D08D2AD7240B2F5500D3B211 /* application.app */,
			);
			name = Products;
			sourceTree = "<group>";
		};
		D08D2AD9240B2F5500D3B211 /* application */ = {
			isa = PBXGroup;
			children = (
				D08D2ADA240B2F5500D3B211 /* AppDelegate.swift */,
				D08D2ADC240B2F5500D3B211 /* SceneDelegate.swift */,
				D08D2ADE240B2F5500D3B211 /* ViewController.swift */,
				D08D2AE0240B2F5500D3B211 /* Main.storyboard */,
				D02DDC0B240B56B200EAE495 /* SecondViewController.swift */,
				D02DDC09240B4AD800EAE495 /* SecondViewController.storyboard */,
				D08D2AE3240B2F5900D3B211 /* Assets.xcassets */,
				D08D2AE5240B2F5900D3B211 /* LaunchScreen.storyboard */,
				D08D2AE8240B2F5900D3B211 /* Info.plist */,
			);
			path = application;
			sourceTree = "<group>";
		};
/* End PBXGroup section */

/* Begin PBXNativeTarget section */
		D08D2AD6240B2F5500D3B211 /* application */ = {
			isa = PBXNativeTarget;
			buildConfigurationList = D08D2AEB240B2F5900D3B211 /* Build configuration list for PBXNativeTarget "application" */;
			buildPhases = (
				D08D2AD3240B2F5500D3B211 /* Sources */,
				D08D2AD4240B2F5500D3B211 /* Frameworks */,
				D08D2AD5240B2F5500D3B211 /* Resources */,
			);
			buildRules = (
			);
			dependencies = (
			);
			name = application;
			productName = application;
			productReference = D08D2AD7240B2F5500D3B211 /* application.app */;
			productType = "com.apple.product-type.application";
		};
/* End PBXNativeTarget section */

/* Begin PBXProject section */
		D08D2ACF240B2F5500D3B211 /* Project object */ = {
			isa = PBXProject;
			attributes = {
				LastSwiftUpdateCheck = 1130;
				LastUpgradeCheck = 1130;
				ORGANIZATIONNAME = "Mary Vuong";
				TargetAttributes = {
					D08D2AD6240B2F5500D3B211 = {
						CreatedOnToolsVersion = 11.3.1;
					};
				};
			};
			buildConfigurationList = D08D2AD2240B2F5500D3B211 /* Build configuration list for PBXProject "application" */;
			compatibilityVersion = "Xcode 9.3";
			developmentRegion = en;
			hasScannedForEncodings = 0;
			knownRegions = (
				en,
				Base,
			);
			mainGroup = D08D2ACE240B2F5500D3B211;
			productRefGroup = D08D2AD8240B2F5500D3B211 /* Products */;
			projectDirPath = "";
			projectRoot = "";
			targets = (
				D08D2AD6240B2F5500D3B211 /* application */,
			);
		};
/* End PBXProject section */

/* Begin PBXResourcesBuildPhase section */
		D08D2AD5240B2F5500D3B211 /* Resources */ = {
			isa = PBXResourcesBuildPhase;
			buildActionMask = 2147483647;
			files = (
				D08D2AE7240B2F5900D3B211 /* LaunchScreen.storyboard in Resources */,
				D08D2AE4240B2F5900D3B211 /* Assets.xcassets in Resources */,
				D02DDC0A240B4AD800EAE495 /* SecondViewController.storyboard in Resources */,
				D08D2AE2240B2F5500D3B211 /* Main.storyboard in Resources */,
			);
			runOnlyForDeploymentPostprocessing = 0;
		};
/* End PBXResourcesBuildPhase section */

/* Begin PBXSourcesBuildPhase section */
		D08D2AD3240B2F5500D3B211 /* Sources */ = {
			isa = PBXSourcesBuildPhase;
			buildActionMask = 2147483647;
			files = (
				D02DDC0C240B56B200EAE495 /* SecondViewController.swift in Sources */,
				D08D2ADF240B2F5500D3B211 /* ViewController.swift in Sources */,
				D08D2ADB240B2F5500D3B211 /* AppDelegate.swift in Sources */,
				D08D2ADD240B2F5500D3B211 /* SceneDelegate.swift in Sources */,
			);
			runOnlyForDeploymentPostprocessing = 0;
		};
/* End PBXSourcesBuildPhase section */

/* Begin PBXVariantGroup section */
		D08D2AE0240B2F5500D3B211 /* Main.storyboard */ = {
			isa = PBXVariantGroup;
			children = (
				D08D2AE1240B2F5500D3B211 /* Base */,
			);
			name = Main.storyboard;
			sourceTree = "<group>";
		};
		D08D2AE5240B2F5900D3B211 /* LaunchScreen.storyboard */ = {
			isa = PBXVariantGroup;
			children = (
				D08D2AE6240B2F5900D3B211 /* Base */,
			);
			name = LaunchScreen.storyboard;
			sourceTree = "<group>";
		};
/* End PBXVariantGroup section */

/* Begin XCBuildConfiguration section */
		D08D2AE9240B2F5900D3B211 /* Debug */ = {
			isa = XCBuildConfiguration;
			buildSettings = {
				ALWAYS_SEARCH_USER_PATHS = NO;
				CLANG_ANALYZER_NONNULL = YES;
				CLANG_ANALYZER_NUMBER_OBJECT_CONVERSION = YES_AGGRESSIVE;
				CLANG_CXX_LANGUAGE_STANDARD = "gnu++14";
				CLANG_CXX_LIBRARY = "libc++";
				CLANG_ENABLE_MODULES = YES;
				CLANG_ENABLE_OBJC_ARC = YES;
				CLANG_ENABLE_OBJC_WEAK = YES;
				CLANG_WARN_BLOCK_CAPTURE_AUTORELEASING = YES;
				CLANG_WARN_BOOL_CONVERSION = YES;
				CLANG_WARN_COMMA = YES;
				CLANG_WARN_CONSTANT_CONVERSION = YES;
				CLANG_WARN_DEPRECATED_OBJC_IMPLEMENTATIONS = YES;
				CLANG_WARN_DIRECT_OBJC_ISA_USAGE = YES_ERROR;
				CLANG_WARN_DOCUMENTATION_COMMENTS = YES;
				CLANG_WARN_EMPTY_BODY = YES;
				CLANG_WARN_ENUM_CONVERSION = YES;
				CLANG_WARN_INFINITE_RECURSION = YES;
				CLANG_WARN_INT_CONVERSION = YES;
				CLANG_WARN_NON_LITERAL_NULL_CONVERSION = YES;
				CLANG_WARN_OBJC_IMPLICIT_RETAIN_SELF = YES;
				CLANG_WARN_OBJC_LITERAL_CONVERSION = YES;
				CLANG_WARN_OBJC_ROOT_CLASS = YES_ERROR;
				CLANG_WARN_RANGE_LOOP_ANALYSIS = YES;
				CLANG_WARN_STRICT_PROTOTYPES = YES;
				CLANG_WARN_SUSPICIOUS_MOVE = YES;
				CLANG_WARN_UNGUARDED_AVAILABILITY = YES_AGGRESSIVE;
				CLANG_WARN_UNREACHABLE_CODE = YES;
				CLANG_WARN__DUPLICATE_METHOD_MATCH = YES;
				COPY_PHASE_STRIP = NO;
				DEBUG_INFORMATION_FORMAT = dwarf;
				ENABLE_STRICT_OBJC_MSGSEND = YES;
				ENABLE_TESTABILITY = YES;
				GCC_C_LANGUAGE_STANDARD = gnu11;
				GCC_DYNAMIC_NO_PIC = NO;
				GCC_NO_COMMON_BLOCKS = YES;
				GCC_OPTIMIZATION_LEVEL = 0;
				GCC_PREPROCESSOR_DEFINITIONS = (
					"DEBUG=1",
					"$(inherited)",
				);
				GCC_WARN_64_TO_32_BIT_CONVERSION = YES;
				GCC_WARN_ABOUT_RETURN_TYPE = YES_ERROR;
				GCC_WARN_UNDECLARED_SELECTOR = YES;
				GCC_WARN_UNINITIALIZED_AUTOS = YES_AGGRESSIVE;
				GCC_WARN_UNUSED_FUNCTION = YES;
				GCC_WARN_UNUSED_VARIABLE = YES;
				IPHONEOS_DEPLOYMENT_TARGET = 13.2;
				MTL_ENABLE_DEBUG_INFO = INCLUDE_SOURCE;
				MTL_FAST_MATH = YES;
				ONLY_ACTIVE_ARCH = YES;
				SDKROOT = iphoneos;
				SWIFT_ACTIVE_COMPILATION_CONDITIONS = DEBUG;
				SWIFT_OPTIMIZATION_LEVEL = "-Onone";
			};
			name = Debug;
		};
		D08D2AEA240B2F5900D3B211 /* Release */ = {
			isa = XCBuildConfiguration;
			buildSettings = {
				ALWAYS_SEARCH_USER_PATHS = NO;
				CLANG_ANALYZER_NONNULL = YES;
				CLANG_ANALYZER_NUMBER_OBJECT_CONVERSION = YES_AGGRESSIVE;
				CLANG_CXX_LANGUAGE_STANDARD = "gnu++14";
				CLANG_CXX_LIBRARY = "libc++";
				CLANG_ENABLE_MODULES = YES;
				CLANG_ENABLE_OBJC_ARC = YES;
				CLANG_ENABLE_OBJC_WEAK = YES;
				CLANG_WARN_BLOCK_CAPTURE_AUTORELEASING = YES;
				CLANG_WARN_BOOL_CONVERSION = YES;
				CLANG_WARN_COMMA = YES;
				CLANG_WARN_CONSTANT_CONVERSION = YES;
				CLANG_WARN_DEPRECATED_OBJC_IMPLEMENTATIONS = YES;
				CLANG_WARN_DIRECT_OBJC_ISA_USAGE = YES_ERROR;
				CLANG_WARN_DOCUMENTATION_COMMENTS = YES;
				CLANG_WARN_EMPTY_BODY = YES;
				CLANG_WARN_ENUM_CONVERSION = YES;
				CLANG_WARN_INFINITE_RECURSION = YES;
				CLANG_WARN_INT_CONVERSION = YES;
				CLANG_WARN_NON_LITERAL_NULL_CONVERSION = YES;
				CLANG_WARN_OBJC_IMPLICIT_RETAIN_SELF = YES;
				CLANG_WARN_OBJC_LITERAL_CONVERSION = YES;
				CLANG_WARN_OBJC_ROOT_CLASS = YES_ERROR;
				CLANG_WARN_RANGE_LOOP_ANALYSIS = YES;
				CLANG_WARN_STRICT_PROTOTYPES = YES;
				CLANG_WARN_SUSPICIOUS_MOVE = YES;
				CLANG_WARN_UNGUARDED_AVAILABILITY = YES_AGGRESSIVE;
				CLANG_WARN_UNREACHABLE_CODE = YES;
				CLANG_WARN__DUPLICATE_METHOD_MATCH = YES;
				COPY_PHASE_STRIP = NO;
				DEBUG_INFORMATION_FORMAT = "dwarf-with-dsym";
				ENABLE_NS_ASSERTIONS = NO;
				ENABLE_STRICT_OBJC_MSGSEND = YES;
				GCC_C_LANGUAGE_STANDARD = gnu11;
				GCC_NO_COMMON_BLOCKS = YES;
				GCC_WARN_64_TO_32_BIT_CONVERSION = YES;
				GCC_WARN_ABOUT_RETURN_TYPE = YES_ERROR;
				GCC_WARN_UNDECLARED_SELECTOR = YES;
				GCC_WARN_UNINITIALIZED_AUTOS = YES_AGGRESSIVE;
				GCC_WARN_UNUSED_FUNCTION = YES;
				GCC_WARN_UNUSED_VARIABLE = YES;
				IPHONEOS_DEPLOYMENT_TARGET = 13.2;
				MTL_ENABLE_DEBUG_INFO = NO;
				MTL_FAST_MATH = YES;
				SDKROOT = iphoneos;
				SWIFT_COMPILATION_MODE = wholemodule;
				SWIFT_OPTIMIZATION_LEVEL = "-O";
				VALIDATE_PRODUCT = YES;
			};
			name = Release;
		};
		D08D2AEC240B2F5900D3B211 /* Debug */ = {
			isa = XCBuildConfiguration;
			buildSettings = {
				ASSETCATALOG_COMPILER_APPICON_NAME = AppIcon;
				CODE_SIGN_STYLE = Automatic;
				DEVELOPMENT_TEAM = V6XKTP2C39;
				INFOPLIST_FILE = application/Info.plist;
				LD_RUNPATH_SEARCH_PATHS = (
					"$(inherited)",
					"@executable_path/Frameworks",
				);
				PRODUCT_BUNDLE_IDENTIFIER = MaryVuong.application;
				PRODUCT_NAME = "$(TARGET_NAME)";
				SWIFT_VERSION = 5.0;
				TARGETED_DEVICE_FAMILY = "1,2";
			};
			name = Debug;
		};
		D08D2AED240B2F5900D3B211 /* Release */ = {
			isa = XCBuildConfiguration;
			buildSettings = {
				ASSETCATALOG_COMPILER_APPICON_NAME = AppIcon;
				CODE_SIGN_STYLE = Automatic;
				DEVELOPMENT_TEAM = V6XKTP2C39;
				INFOPLIST_FILE = application/Info.plist;
				LD_RUNPATH_SEARCH_PATHS = (
					"$(inherited)",
					"@executable_path/Frameworks",
				);
				PRODUCT_BUNDLE_IDENTIFIER = MaryVuong.application;
				PRODUCT_NAME = "$(TARGET_NAME)";
				SWIFT_VERSION = 5.0;
				TARGETED_DEVICE_FAMILY = "1,2";
			};
			name = Release;
		};
/* End XCBuildConfiguration section */

/* Begin XCConfigurationList section */
		D08D2AD2240B2F5500D3B211 /* Build configuration list for PBXProject "application" */ = {
			isa = XCConfigurationList;
			buildConfigurations = (
				D08D2AE9240B2F5900D3B211 /* Debug */,
				D08D2AEA240B2F5900D3B211 /* Release */,
			);
			defaultConfigurationIsVisible = 0;
			defaultConfigurationName = Release;
		};
		D08D2AEB240B2F5900D3B211 /* Build configuration list for PBXNativeTarget "application" */ = {
			isa = XCConfigurationList;
			buildConfigurations = (
				D08D2AEC240B2F5900D3B211 /* Debug */,
				D08D2AED240B2F5900D3B211 /* Release */,
			);
			defaultConfigurationIsVisible = 0;
			defaultConfigurationName = Release;
		};
/* End XCConfigurationList section */
	};
	rootObject = D08D2ACF240B2F5500D3B211 /* Project object */;
}
